# This file is automatically @generated by Cargo.
# It is not intended for manual editing.
version = 3

[[package]]
name = "entrait"
version = "0.4.6"
source = "registry+https://github.com/rust-lang/crates.io-index"
checksum = "4c888ffada3dd9e9141898caf2a14e4eb4ac4dc75fee781daff48e10e8748b96"
dependencies = [
 "entrait_macros",
 "implementation",
]

[[package]]
name = "entrait-tests"
version = "0.0.1"
dependencies = [
 "entrait",
]

[[package]]
name = "entrait_macros"
version = "0.4.6"
source = "registry+https://github.com/rust-lang/crates.io-index"
checksum = "c0f5cf4882a5b01c602016994a0fb686fa38a2c8d220872738a4aed3adf5c8ca"
dependencies = [
 "proc-macro2",
 "quote",
 "syn",
]

[[package]]
name = "implementation"
version = "0.1.4"
source = "registry+https://github.com/rust-lang/crates.io-index"
checksum = "fa685d104e2f8902c5e3e63d74184690758211fb163ea6f1e5324960966fa09b"

[[package]]
name = "proc-macro2"
version = "1.0.78"
source = "registry+https://github.com/rust-lang/crates.io-index"
checksum = "e2422ad645d89c99f8f3e6b88a9fdeca7fabeac836b1002371c4367c8f984aae"
dependencies = [
 "unicode-ident",
]

[[package]]
name = "quote"
version = "1.0.35"
source = "registry+https://github.com/rust-lang/crates.io-index"
checksum = "291ec9ab5efd934aaf503a6466c5d5251535d108ee747472c3977cc5acc868ef"
dependencies = [
 "proc-macro2",
]

[[package]]
name = "syn"
version = "1.0.109"
source = "registry+https://github.com/rust-lang/crates.io-index"
checksum = "72b64191b275b66ffe2469e8af2c1cfe3bafa67b529ead792a6d0160888b4237"
dependencies = [
 "proc-macro2",
 "quote",
 "unicode-ident",
]

[[package]]
name = "unicode-ident"
version = "1.0.12"
source = "registry+https://github.com/rust-lang/crates.io-index"
checksum = "3354b9ac3fae1ff6755cb6db53683adb661634f67557942dea4facebec0fee4b"
