# This file is automatically @generated by Cargo.
# It is not intended for manual editing.
version = 3

[[package]]
name = "easy-ml"
version = "1.9.1"
source = "registry+https://github.com/rust-lang/crates.io-index"
checksum = "b02ff85daeb14c6efb10a08956bfb2a9bab13b6cb612a9b21832467bff67e268"

[[package]]
name = "easy-ml-tests"
version = "0.0.1"
dependencies = [
 "easy-ml",
]
